// !$*UTF8*$!
{
	archiveVersion = 1;
	classes = {
	};
	objectVersion = 46;
	objects = {

/* Begin PBXBuildFile section */
		989CF1A11EE35360004C1A47 /* main.m in Sources */ = {isa = PBXBuildFile; fileRef = 989CF1A01EE35360004C1A47 /* main.m */; };
		989CF1A41EE35360004C1A47 /* AppDelegate.m in Sources */ = {isa = PBXBuildFile; fileRef = 989CF1A31EE35360004C1A47 /* AppDelegate.m */; };
		989CF1AD1EE35360004C1A47 /* Main.storyboard in Resources */ = {isa = PBXBuildFile; fileRef = 989CF1AB1EE35360004C1A47 /* Main.storyboard */; };
		989CF1AF1EE35360004C1A47 /* Assets.xcassets in Resources */ = {isa = PBXBuildFile; fileRef = 989CF1AE1EE35360004C1A47 /* Assets.xcassets */; };
		989CF1B21EE35360004C1A47 /* LaunchScreen.storyboard in Resources */ = {isa = PBXBuildFile; fileRef = 989CF1B01EE35360004C1A47 /* LaunchScreen.storyboard */; };
		989CF1BB1EE3543E004C1A47 /* YMAInboxViewController.m in Sources */ = {isa = PBXBuildFile; fileRef = 989CF1BA1EE3543E004C1A47 /* YMAInboxViewController.m */; };
		989CF1BE1EE35454004C1A47 /* YMATodayViewController.m in Sources */ = {isa = PBXBuildFile; fileRef = 989CF1BD1EE35454004C1A47 /* YMATodayViewController.m */; };
		989CF1C11EE3546A004C1A47 /* YMATaskListViewController.m in Sources */ = {isa = PBXBuildFile; fileRef = 989CF1C01EE3546A004C1A47 /* YMATaskListViewController.m */; };
		989CF1C41EE3548A004C1A47 /* YMASearchViewController.m in Sources */ = {isa = PBXBuildFile; fileRef = 989CF1C31EE3548A004C1A47 /* YMASearchViewController.m */; };
		989CF1C81EE35EED004C1A47 /* YMATaskModel.m in Sources */ = {isa = PBXBuildFile; fileRef = 989CF1C71EE35EED004C1A47 /* YMATaskModel.m */; };
		989CF1CB1EE35F28004C1A47 /* YMATaskServiceModel.m in Sources */ = {isa = PBXBuildFile; fileRef = 989CF1CA1EE35F28004C1A47 /* YMATaskServiceModel.m */; };
		989CF1D11EE370F9004C1A47 /* YMAAddAndEditTaskViewController.m in Sources */ = {isa = PBXBuildFile; fileRef = 989CF1CF1EE370F9004C1A47 /* YMAAddAndEditTaskViewController.m */; };
		989CF1D21EE370F9004C1A47 /* YMAAddTaskViewController.xib in Resources */ = {isa = PBXBuildFile; fileRef = 989CF1D01EE370F9004C1A47 /* YMAAddTaskViewController.xib */; };
		989CF1D61EE37112004C1A47 /* YMADateSelectorViewController.m in Sources */ = {isa = PBXBuildFile; fileRef = 989CF1D41EE37112004C1A47 /* YMADateSelectorViewController.m */; };
		989CF1D71EE37112004C1A47 /* YMADateSelectorViewController.xib in Resources */ = {isa = PBXBuildFile; fileRef = 989CF1D51EE37112004C1A47 /* YMADateSelectorViewController.xib */; };
		98D5E73E1EE5619100C4E969 /* YMATaskListModel.m in Sources */ = {isa = PBXBuildFile; fileRef = 98D5E73D1EE5619100C4E969 /* YMATaskListModel.m */; };
		98D5E7411EE57BE500C4E969 /* YMADetailViewController.m in Sources */ = {isa = PBXBuildFile; fileRef = 98D5E7401EE57BE500C4E969 /* YMADetailViewController.m */; };
/* End PBXBuildFile section */

/* Begin PBXFileReference section */
		989CF19C1EE3535F004C1A47 /* Task Manager.app */ = {isa = PBXFileReference; explicitFileType = wrapper.application; includeInIndex = 0; path = "Task Manager.app"; sourceTree = BUILT_PRODUCTS_DIR; };
		989CF1A01EE35360004C1A47 /* main.m */ = {isa = PBXFileReference; lastKnownFileType = sourcecode.c.objc; path = main.m; sourceTree = "<group>"; };
		989CF1A21EE35360004C1A47 /* AppDelegate.h */ = {isa = PBXFileReference; lastKnownFileType = sourcecode.c.h; path = AppDelegate.h; sourceTree = "<group>"; };
		989CF1A31EE35360004C1A47 /* AppDelegate.m */ = {isa = PBXFileReference; lastKnownFileType = sourcecode.c.objc; path = AppDelegate.m; sourceTree = "<group>"; };
		989CF1AC1EE35360004C1A47 /* Base */ = {isa = PBXFileReference; lastKnownFileType = file.storyboard; name = Base; path = Base.lproj/Main.storyboard; sourceTree = "<group>"; };
		989CF1AE1EE35360004C1A47 /* Assets.xcassets */ = {isa = PBXFileReference; lastKnownFileType = folder.assetcatalog; path = Assets.xcassets; sourceTree = "<group>"; };
		989CF1B11EE35360004C1A47 /* Base */ = {isa = PBXFileReference; lastKnownFileType = file.storyboard; name = Base; path = Base.lproj/LaunchScreen.storyboard; sourceTree = "<group>"; };
		989CF1B31EE35360004C1A47 /* Info.plist */ = {isa = PBXFileReference; lastKnownFileType = text.plist.xml; path = Info.plist; sourceTree = "<group>"; };
		989CF1B91EE3543E004C1A47 /* YMAInboxViewController.h */ = {isa = PBXFileReference; fileEncoding = 4; lastKnownFileType = sourcecode.c.h; path = YMAInboxViewController.h; sourceTree = "<group>"; };
		989CF1BA1EE3543E004C1A47 /* YMAInboxViewController.m */ = {isa = PBXFileReference; fileEncoding = 4; lastKnownFileType = sourcecode.c.objc; path = YMAInboxViewController.m; sourceTree = "<group>"; };
		989CF1BC1EE35454004C1A47 /* YMATodayViewController.h */ = {isa = PBXFileReference; fileEncoding = 4; lastKnownFileType = sourcecode.c.h; path = YMATodayViewController.h; sourceTree = "<group>"; };
		989CF1BD1EE35454004C1A47 /* YMATodayViewController.m */ = {isa = PBXFileReference; fileEncoding = 4; lastKnownFileType = sourcecode.c.objc; path = YMATodayViewController.m; sourceTree = "<group>"; };
		989CF1BF1EE3546A004C1A47 /* YMATaskListViewController.h */ = {isa = PBXFileReference; fileEncoding = 4; lastKnownFileType = sourcecode.c.h; path = YMATaskListViewController.h; sourceTree = "<group>"; };
		989CF1C01EE3546A004C1A47 /* YMATaskListViewController.m */ = {isa = PBXFileReference; fileEncoding = 4; lastKnownFileType = sourcecode.c.objc; path = YMATaskListViewController.m; sourceTree = "<group>"; };
		989CF1C21EE3548A004C1A47 /* YMASearchViewController.h */ = {isa = PBXFileReference; fileEncoding = 4; lastKnownFileType = sourcecode.c.h; path = YMASearchViewController.h; sourceTree = "<group>"; };
		989CF1C31EE3548A004C1A47 /* YMASearchViewController.m */ = {isa = PBXFileReference; fileEncoding = 4; lastKnownFileType = sourcecode.c.objc; path = YMASearchViewController.m; sourceTree = "<group>"; };
		989CF1C61EE35EED004C1A47 /* YMATaskModel.h */ = {isa = PBXFileReference; fileEncoding = 4; lastKnownFileType = sourcecode.c.h; path = YMATaskModel.h; sourceTree = "<group>"; };
		989CF1C71EE35EED004C1A47 /* YMATaskModel.m */ = {isa = PBXFileReference; fileEncoding = 4; lastKnownFileType = sourcecode.c.objc; path = YMATaskModel.m; sourceTree = "<group>"; };
		989CF1C91EE35F28004C1A47 /* YMATaskServiceModel.h */ = {isa = PBXFileReference; fileEncoding = 4; lastKnownFileType = sourcecode.c.h; path = YMATaskServiceModel.h; sourceTree = "<group>"; };
		989CF1CA1EE35F28004C1A47 /* YMATaskServiceModel.m */ = {isa = PBXFileReference; fileEncoding = 4; lastKnownFileType = sourcecode.c.objc; path = YMATaskServiceModel.m; sourceTree = "<group>"; };
		989CF1CE1EE370F9004C1A47 /* YMAAddAndEditTaskViewController.h */ = {isa = PBXFileReference; fileEncoding = 4; lastKnownFileType = sourcecode.c.h; path = YMAAddAndEditTaskViewController.h; sourceTree = "<group>"; };
		989CF1CF1EE370F9004C1A47 /* YMAAddAndEditTaskViewController.m */ = {isa = PBXFileReference; fileEncoding = 4; lastKnownFileType = sourcecode.c.objc; path = YMAAddAndEditTaskViewController.m; sourceTree = "<group>"; };
		989CF1D01EE370F9004C1A47 /* YMAAddTaskViewController.xib */ = {isa = PBXFileReference; fileEncoding = 4; lastKnownFileType = file.xib; path = YMAAddTaskViewController.xib; sourceTree = "<group>"; };
		989CF1D31EE37112004C1A47 /* YMADateSelectorViewController.h */ = {isa = PBXFileReference; fileEncoding = 4; lastKnownFileType = sourcecode.c.h; path = YMADateSelectorViewController.h; sourceTree = "<group>"; };
		989CF1D41EE37112004C1A47 /* YMADateSelectorViewController.m */ = {isa = PBXFileReference; fileEncoding = 4; lastKnownFileType = sourcecode.c.objc; path = YMADateSelectorViewController.m; sourceTree = "<group>"; };
		989CF1D51EE37112004C1A47 /* YMADateSelectorViewController.xib */ = {isa = PBXFileReference; fileEncoding = 4; lastKnownFileType = file.xib; path = YMADateSelectorViewController.xib; sourceTree = "<group>"; };
		98D5E73C1EE5619100C4E969 /* YMATaskListModel.h */ = {isa = PBXFileReference; fileEncoding = 4; lastKnownFileType = sourcecode.c.h; path = YMATaskListModel.h; sourceTree = "<group>"; };
		98D5E73D1EE5619100C4E969 /* YMATaskListModel.m */ = {isa = PBXFileReference; fileEncoding = 4; lastKnownFileType = sourcecode.c.objc; path = YMATaskListModel.m; sourceTree = "<group>"; };
		98D5E73F1EE57BE500C4E969 /* YMADetailViewController.h */ = {isa = PBXFileReference; fileEncoding = 4; lastKnownFileType = sourcecode.c.h; path = YMADetailViewController.h; sourceTree = "<group>"; };
		98D5E7401EE57BE500C4E969 /* YMADetailViewController.m */ = {isa = PBXFileReference; fileEncoding = 4; lastKnownFileType = sourcecode.c.objc; path = YMADetailViewController.m; sourceTree = "<group>"; };
/* End PBXFileReference section */

/* Begin PBXFrameworksBuildPhase section */
		989CF1991EE3535F004C1A47 /* Frameworks */ = {
			isa = PBXFrameworksBuildPhase;
			buildActionMask = 2147483647;
			files = (
			);
			runOnlyForDeploymentPostprocessing = 0;
		};
/* End PBXFrameworksBuildPhase section */

/* Begin PBXGroup section */
		989CF1931EE3535F004C1A47 = {
			isa = PBXGroup;
			children = (
				989CF19E1EE3535F004C1A47 /* Task Manager */,
				989CF19D1EE3535F004C1A47 /* Products */,
			);
			sourceTree = "<group>";
		};
		989CF19D1EE3535F004C1A47 /* Products */ = {
			isa = PBXGroup;
			children = (
				989CF19C1EE3535F004C1A47 /* Task Manager.app */,
			);
			name = Products;
			sourceTree = "<group>";
		};
		989CF19E1EE3535F004C1A47 /* Task Manager */ = {
			isa = PBXGroup;
			children = (
				989CF1CD1EE370B3004C1A47 /* XIBViewControllers */,
				989CF1CC1EE35F36004C1A47 /* Model */,
				989CF1AB1EE35360004C1A47 /* Main.storyboard */,
				989CF1C51EE3549F004C1A47 /* TapBarViewContreollers */,
				989CF19F1EE35360004C1A47 /* Supporting Files */,
			);
			path = "Task Manager";
			sourceTree = "<group>";
		};
		989CF19F1EE35360004C1A47 /* Supporting Files */ = {
			isa = PBXGroup;
			children = (
				989CF1B31EE35360004C1A47 /* Info.plist */,
				989CF1B01EE35360004C1A47 /* LaunchScreen.storyboard */,
				989CF1AE1EE35360004C1A47 /* Assets.xcassets */,
				989CF1A21EE35360004C1A47 /* AppDelegate.h */,
				989CF1A31EE35360004C1A47 /* AppDelegate.m */,
				989CF1A01EE35360004C1A47 /* main.m */,
			);
			name = "Supporting Files";
			sourceTree = "<group>";
		};
		989CF1C51EE3549F004C1A47 /* TapBarViewContreollers */ = {
			isa = PBXGroup;
			children = (
				989CF1B91EE3543E004C1A47 /* YMAInboxViewController.h */,
				989CF1BA1EE3543E004C1A47 /* YMAInboxViewController.m */,
				989CF1BC1EE35454004C1A47 /* YMATodayViewController.h */,
				989CF1BD1EE35454004C1A47 /* YMATodayViewController.m */,
				989CF1BF1EE3546A004C1A47 /* YMATaskListViewController.h */,
				989CF1C01EE3546A004C1A47 /* YMATaskListViewController.m */,
				989CF1C21EE3548A004C1A47 /* YMASearchViewController.h */,
				989CF1C31EE3548A004C1A47 /* YMASearchViewController.m */,
				98D5E73F1EE57BE500C4E969 /* YMADetailViewController.h */,
				98D5E7401EE57BE500C4E969 /* YMADetailViewController.m */,
			);
			name = TapBarViewContreollers;
			sourceTree = "<group>";
		};
		989CF1CC1EE35F36004C1A47 /* Model */ = {
			isa = PBXGroup;
			children = (
				989CF1C61EE35EED004C1A47 /* YMATaskModel.h */,
				989CF1C71EE35EED004C1A47 /* YMATaskModel.m */,
				989CF1C91EE35F28004C1A47 /* YMATaskServiceModel.h */,
				989CF1CA1EE35F28004C1A47 /* YMATaskServiceModel.m */,
				98D5E73C1EE5619100C4E969 /* YMATaskListModel.h */,
				98D5E73D1EE5619100C4E969 /* YMATaskListModel.m */,
			);
			name = Model;
			path = ..;
			sourceTree = "<group>";
		};
		989CF1CD1EE370B3004C1A47 /* XIBViewControllers */ = {
			isa = PBXGroup;
			children = (
				989CF1CE1EE370F9004C1A47 /* YMAAddAndEditTaskViewController.h */,
				989CF1CF1EE370F9004C1A47 /* YMAAddAndEditTaskViewController.m */,
				989CF1D01EE370F9004C1A47 /* YMAAddTaskViewController.xib */,
				989CF1D31EE37112004C1A47 /* YMADateSelectorViewController.h */,
				989CF1D41EE37112004C1A47 /* YMADateSelectorViewController.m */,
				989CF1D51EE37112004C1A47 /* YMADateSelectorViewController.xib */,
			);
			name = XIBViewControllers;
			sourceTree = "<group>";
		};
/* End PBXGroup section */

/* Begin PBXNativeTarget section */
		989CF19B1EE3535F004C1A47 /* Task Manager */ = {
			isa = PBXNativeTarget;
			buildConfigurationList = 989CF1B61EE35360004C1A47 /* Build configuration list for PBXNativeTarget "Task Manager" */;
			buildPhases = (
				989CF1981EE3535F004C1A47 /* Sources */,
				989CF1991EE3535F004C1A47 /* Frameworks */,
				989CF19A1EE3535F004C1A47 /* Resources */,
			);
			buildRules = (
			);
			dependencies = (
			);
			name = "Task Manager";
			productName = "Task Manager";
			productReference = 989CF19C1EE3535F004C1A47 /* Task Manager.app */;
			productType = "com.apple.product-type.application";
		};
/* End PBXNativeTarget section */

/* Begin PBXProject section */
		989CF1941EE3535F004C1A47 /* Project object */ = {
			isa = PBXProject;
			attributes = {
				CLASSPREFIX = YMA;
				LastUpgradeCheck = 0830;
				ORGANIZATIONNAME = "Mikhail Yaskou";
				TargetAttributes = {
					989CF19B1EE3535F004C1A47 = {
						CreatedOnToolsVersion = 8.3.1;
						DevelopmentTeam = USB64ZNNP6;
						ProvisioningStyle = Automatic;
					};
				};
			};
			buildConfigurationList = 989CF1971EE3535F004C1A47 /* Build configuration list for PBXProject "Task Manager" */;
			compatibilityVersion = "Xcode 3.2";
			developmentRegion = English;
			hasScannedForEncodings = 0;
			knownRegions = (
				en,
				Base,
			);
			mainGroup = 989CF1931EE3535F004C1A47;
			productRefGroup = 989CF19D1EE3535F004C1A47 /* Products */;
			projectDirPath = "";
			projectRoot = "";
			targets = (
				989CF19B1EE3535F004C1A47 /* Task Manager */,
			);
		};
/* End PBXProject section */

/* Begin PBXResourcesBuildPhase section */
		989CF19A1EE3535F004C1A47 /* Resources */ = {
			isa = PBXResourcesBuildPhase;
			buildActionMask = 2147483647;
			files = (
				989CF1D71EE37112004C1A47 /* YMADateSelectorViewController.xib in Resources */,
				989CF1B21EE35360004C1A47 /* LaunchScreen.storyboard in Resources */,
				989CF1AF1EE35360004C1A47 /* Assets.xcassets in Resources */,
				989CF1AD1EE35360004C1A47 /* Main.storyboard in Resources */,
				989CF1D21EE370F9004C1A47 /* YMAAddTaskViewController.xib in Resources */,
			);
			runOnlyForDeploymentPostprocessing = 0;
		};
/* End PBXResourcesBuildPhase section */

/* Begin PBXSourcesBuildPhase section */
		989CF1981EE3535F004C1A47 /* Sources */ = {
			isa = PBXSourcesBuildPhase;
			buildActionMask = 2147483647;
			files = (
				989CF1C41EE3548A004C1A47 /* YMASearchViewController.m in Sources */,
				989CF1BB1EE3543E004C1A47 /* YMAInboxViewController.m in Sources */,
				989CF1A41EE35360004C1A47 /* AppDelegate.m in Sources */,
				989CF1D11EE370F9004C1A47 /* YMAAddAndEditTaskViewController.m in Sources */,
				989CF1C11EE3546A004C1A47 /* YMATaskListViewController.m in Sources */,
				98D5E7411EE57BE500C4E969 /* YMADetailViewController.m in Sources */,
				989CF1CB1EE35F28004C1A47 /* YMATaskServiceModel.m in Sources */,
				989CF1C81EE35EED004C1A47 /* YMATaskModel.m in Sources */,
				989CF1BE1EE35454004C1A47 /* YMATodayViewController.m in Sources */,
				989CF1A11EE35360004C1A47 /* main.m in Sources */,
				989CF1D61EE37112004C1A47 /* YMADateSelectorViewController.m in Sources */,
				98D5E73E1EE5619100C4E969 /* YMATaskListModel.m in Sources */,
			);
			runOnlyForDeploymentPostprocessing = 0;
		};
/* End PBXSourcesBuildPhase section */

/* Begin PBXVariantGroup section */
		989CF1AB1EE35360004C1A47 /* Main.storyboard */ = {
			isa = PBXVariantGroup;
			children = (
				989CF1AC1EE35360004C1A47 /* Base */,
			);
			name = Main.storyboard;
			sourceTree = "<group>";
		};
		989CF1B01EE35360004C1A47 /* LaunchScreen.storyboard */ = {
			isa = PBXVariantGroup;
			children = (
				989CF1B11EE35360004C1A47 /* Base */,
			);
			name = LaunchScreen.storyboard;
			sourceTree = "<group>";
		};
/* End PBXVariantGroup section */

/* Begin XCBuildConfiguration section */
		989CF1B41EE35360004C1A47 /* Debug */ = {
			isa = XCBuildConfiguration;
			buildSettings = {
				ALWAYS_SEARCH_USER_PATHS = NO;
				CLANG_ANALYZER_NONNULL = YES;
				CLANG_ANALYZER_NUMBER_OBJECT_CONVERSION = YES_AGGRESSIVE;
				CLANG_CXX_LANGUAGE_STANDARD = "gnu++0x";
				CLANG_CXX_LIBRARY = "libc++";
				CLANG_ENABLE_MODULES = YES;
				CLANG_ENABLE_OBJC_ARC = YES;
				CLANG_WARN_BOOL_CONVERSION = YES;
				CLANG_WARN_CONSTANT_CONVERSION = YES;
				CLANG_WARN_DIRECT_OBJC_ISA_USAGE = YES_ERROR;
				CLANG_WARN_DOCUMENTATION_COMMENTS = YES;
				CLANG_WARN_EMPTY_BODY = YES;
				CLANG_WARN_ENUM_CONVERSION = YES;
				CLANG_WARN_INFINITE_RECURSION = YES;
				CLANG_WARN_INT_CONVERSION = YES;
				CLANG_WARN_OBJC_ROOT_CLASS = YES_ERROR;
				CLANG_WARN_SUSPICIOUS_MOVE = YES;
				CLANG_WARN_UNREACHABLE_CODE = YES;
				CLANG_WARN__DUPLICATE_METHOD_MATCH = YES;
				"CODE_SIGN_IDENTITY[sdk=iphoneos*]" = "iPhone Developer";
				COPY_PHASE_STRIP = NO;
				DEBUG_INFORMATION_FORMAT = dwarf;
				ENABLE_STRICT_OBJC_MSGSEND = YES;
				ENABLE_TESTABILITY = YES;
				GCC_C_LANGUAGE_STANDARD = gnu99;
				GCC_DYNAMIC_NO_PIC = NO;
				GCC_NO_COMMON_BLOCKS = YES;
				GCC_OPTIMIZATION_LEVEL = 0;
				GCC_PREPROCESSOR_DEFINITIONS = (
					"DEBUG=1",
					"$(inherited)",
				);
				GCC_WARN_64_TO_32_BIT_CONVERSION = YES;
				GCC_WARN_ABOUT_RETURN_TYPE = YES_ERROR;
				GCC_WARN_UNDECLARED_SELECTOR = YES;
				GCC_WARN_UNINITIALIZED_AUTOS = YES_AGGRESSIVE;
				GCC_WARN_UNUSED_FUNCTION = YES;
				GCC_WARN_UNUSED_VARIABLE = YES;
				IPHONEOS_DEPLOYMENT_TARGET = 10.3;
				MTL_ENABLE_DEBUG_INFO = YES;
				ONLY_ACTIVE_ARCH = YES;
				SDKROOT = iphoneos;
				TARGETED_DEVICE_FAMILY = "1,2";
			};
			name = Debug;
		};
		989CF1B51EE35360004C1A47 /* Release */ = {
			isa = XCBuildConfiguration;
			buildSettings = {
				ALWAYS_SEARCH_USER_PATHS = NO;
				CLANG_ANALYZER_NONNULL = YES;
				CLANG_ANALYZER_NUMBER_OBJECT_CONVERSION = YES_AGGRESSIVE;
				CLANG_CXX_LANGUAGE_STANDARD = "gnu++0x";
				CLANG_CXX_LIBRARY = "libc++";
				CLANG_ENABLE_MODULES = YES;
				CLANG_ENABLE_OBJC_ARC = YES;
				CLANG_WARN_BOOL_CONVERSION = YES;
				CLANG_WARN_CONSTANT_CONVERSION = YES;
				CLANG_WARN_DIRECT_OBJC_ISA_USAGE = YES_ERROR;
				CLANG_WARN_DOCUMENTATION_COMMENTS = YES;
				CLANG_WARN_EMPTY_BODY = YES;
				CLANG_WARN_ENUM_CONVERSION = YES;
				CLANG_WARN_INFINITE_RECURSION = YES;
				CLANG_WARN_INT_CONVERSION = YES;
				CLANG_WARN_OBJC_ROOT_CLASS = YES_ERROR;
				CLANG_WARN_SUSPICIOUS_MOVE = YES;
				CLANG_WARN_UNREACHABLE_CODE = YES;
				CLANG_WARN__DUPLICATE_METHOD_MATCH = YES;
				"CODE_SIGN_IDENTITY[sdk=iphoneos*]" = "iPhone Developer";
				COPY_PHASE_STRIP = NO;
				DEBUG_INFORMATION_FORMAT = "dwarf-with-dsym";
				ENABLE_NS_ASSERTIONS = NO;
				ENABLE_STRICT_OBJC_MSGSEND = YES;
				GCC_C_LANGUAGE_STANDARD = gnu99;
				GCC_NO_COMMON_BLOCKS = YES;
				GCC_WARN_64_TO_32_BIT_CONVERSION = YES;
				GCC_WARN_ABOUT_RETURN_TYPE = YES_ERROR;
				GCC_WARN_UNDECLARED_SELECTOR = YES;
				GCC_WARN_UNINITIALIZED_AUTOS = YES_AGGRESSIVE;
				GCC_WARN_UNUSED_FUNCTION = YES;
				GCC_WARN_UNUSED_VARIABLE = YES;
				IPHONEOS_DEPLOYMENT_TARGET = 10.3;
				MTL_ENABLE_DEBUG_INFO = NO;
				SDKROOT = iphoneos;
				TARGETED_DEVICE_FAMILY = "1,2";
				VALIDATE_PRODUCT = YES;
			};
			name = Release;
		};
		989CF1B71EE35360004C1A47 /* Debug */ = {
			isa = XCBuildConfiguration;
			buildSettings = {
				ASSETCATALOG_COMPILER_APPICON_NAME = AppIcon;
				DEVELOPMENT_TEAM = USB64ZNNP6;
				INFOPLIST_FILE = "Task Manager/Info.plist";
				LD_RUNPATH_SEARCH_PATHS = "$(inherited) @executable_path/Frameworks";
				PRODUCT_BUNDLE_IDENTIFIER = "YMA.Task-Manager";
				PRODUCT_NAME = "$(TARGET_NAME)";
			};
			name = Debug;
		};
		989CF1B81EE35360004C1A47 /* Release */ = {
			isa = XCBuildConfiguration;
			buildSettings = {
				ASSETCATALOG_COMPILER_APPICON_NAME = AppIcon;
				DEVELOPMENT_TEAM = USB64ZNNP6;
				INFOPLIST_FILE = "Task Manager/Info.plist";
				LD_RUNPATH_SEARCH_PATHS = "$(inherited) @executable_path/Frameworks";
				PRODUCT_BUNDLE_IDENTIFIER = "YMA.Task-Manager";
				PRODUCT_NAME = "$(TARGET_NAME)";
			};
			name = Release;
		};
/* End XCBuildConfiguration section */

/* Begin XCConfigurationList section */
		989CF1971EE3535F004C1A47 /* Build configuration list for PBXProject "Task Manager" */ = {
			isa = XCConfigurationList;
			buildConfigurations = (
				989CF1B41EE35360004C1A47 /* Debug */,
				989CF1B51EE35360004C1A47 /* Release */,
			);
			defaultConfigurationIsVisible = 0;
			defaultConfigurationName = Release;
		};
		989CF1B61EE35360004C1A47 /* Build configuration list for PBXNativeTarget "Task Manager" */ = {
			isa = XCConfigurationList;
			buildConfigurations = (
				989CF1B71EE35360004C1A47 /* Debug */,
				989CF1B81EE35360004C1A47 /* Release */,
			);
			defaultConfigurationIsVisible = 0;
			defaultConfigurationName = Release;
		};
/* End XCConfigurationList section */
	};
	rootObject = 989CF1941EE3535F004C1A47 /* Project object */;
}
